{
  "version": 4,
  "terraform_version": "1.9.4",
  "serial": 13,
  "lineage": "70c6d87e-aa5e-b276-90f1-31ce410ee3d7",
  "outputs": {
    "aws_s3_bucket": {
      "value": "my-log-bucket-task1",
      "type": "string"
    },
    "ec2_instance_public_ip": {
      "value": "3.216.91.145",
      "type": "string"
    }
  },
  "resources": [
    {
      "mode": "managed",
      "type": "aws_instance",
      "name": "web_server",
      "provider": "provider[\"registry.terraform.io/hashicorp/aws\"]",
      "instances": [
        {
          "schema_version": 1,
          "attributes": {
            "ami": "ami-0866a3c8686eaeeba",
            "arn": "arn:aws:ec2:us-east-1:992382416133:instance/i-05840a29c40e7ad7b",
            "associate_public_ip_address": true,
            "availability_zone": "us-east-1a",
            "capacity_reservation_specification": [
              {
                "capacity_reservation_preference": "open",
                "capacity_reservation_target": []
              }
            ],
            "cpu_core_count": 1,
            "cpu_options": [
              {
                "amd_sev_snp": "",
                "core_count": 1,
                "threads_per_core": 1
              }
            ],
            "cpu_threads_per_core": 1,
            "credit_specification": [
              {
                "cpu_credits": "standard"
              }
            ],
            "disable_api_stop": false,
            "disable_api_termination": false,
            "ebs_block_device": [],
            "ebs_optimized": false,
            "enclave_options": [
              {
                "enabled": false
              }
            ],
            "ephemeral_block_device": [],
            "get_password_data": false,
            "hibernation": false,
            "host_id": "",
            "host_resource_group_arn": null,
            "iam_instance_profile": "",
            "id": "i-05840a29c40e7ad7b",
            "instance_initiated_shutdown_behavior": "stop",
            "instance_lifecycle": "",
            "instance_market_options": [],
            "instance_state": "running",
            "instance_type": "t2.micro",
            "ipv6_address_count": 0,
            "ipv6_addresses": [],
            "key_name": "ec2-1",
            "launch_template": [],
            "maintenance_options": [
              {
                "auto_recovery": "default"
              }
            ],
            "metadata_options": [
              {
                "http_endpoint": "enabled",
                "http_protocol_ipv6": "disabled",
                "http_put_response_hop_limit": 2,
                "http_tokens": "required",
                "instance_metadata_tags": "disabled"
              }
            ],
            "monitoring": false,
            "network_interface": [],
            "outpost_arn": "",
            "password_data": "",
            "placement_group": "",
            "placement_partition_number": 0,
            "primary_network_interface_id": "eni-09d494f8d8de999af",
            "private_dns": "ip-10-0-1-32.ec2.internal",
            "private_dns_name_options": [
              {
                "enable_resource_name_dns_a_record": false,
                "enable_resource_name_dns_aaaa_record": false,
                "hostname_type": "ip-name"
              }
            ],
            "private_ip": "10.0.1.32",
            "public_dns": "ec2-3-216-91-145.compute-1.amazonaws.com",
            "public_ip": "3.216.91.145",
            "root_block_device": [
              {
                "delete_on_termination": true,
                "device_name": "/dev/sda1",
                "encrypted": false,
                "iops": 3000,
                "kms_key_id": "",
                "tags": {},
                "tags_all": {},
                "throughput": 125,
                "volume_id": "vol-06ce661bf9417eff9",
                "volume_size": 8,
                "volume_type": "gp3"
              }
            ],
            "secondary_private_ips": [],
            "security_groups": [
              "sg-08a666afb65641f82"
            ],
            "source_dest_check": true,
            "spot_instance_request_id": "",
            "subnet_id": "subnet-0f778b50c15b213a6",
            "tags": {
              "Name": "WebServer"
            },
            "tags_all": {
              "Name": "WebServer"
            },
            "tenancy": "default",
            "timeouts": null,
            "user_data": null,
            "user_data_base64": null,
            "user_data_replace_on_change": false,
            "volume_tags": null,
            "vpc_security_group_ids": [
              "sg-08a666afb65641f82"
            ]
          },
          "sensitive_attributes": [],
          "private": "eyJlMmJmYjczMC1lY2FhLTExZTYtOGY4OC0zNDM2M2JjN2M0YzAiOnsiY3JlYXRlIjo2MDAwMDAwMDAwMDAsImRlbGV0ZSI6MTIwMDAwMDAwMDAwMCwicmVhZCI6OTAwMDAwMDAwMDAwLCJ1cGRhdGUiOjYwMDAwMDAwMDAwMH0sInNjaGVtYV92ZXJzaW9uIjoiMSJ9",
          "dependencies": [
            "aws_key_pair.ec2_key_pair",
            "aws_security_group.public_sg",
            "aws_subnet.subnet-1",
            "aws_vpc.vpc-1",
            "tls_private_key.key_pair"
          ]
        }
      ]
    },
    {
      "mode": "managed",
      "type": "aws_internet_gateway",
      "name": "igw",
      "provider": "provider[\"registry.terraform.io/hashicorp/aws\"]",
      "instances": [
        {
          "schema_version": 0,
          "attributes": {
            "arn": "arn:aws:ec2:us-east-1:992382416133:internet-gateway/igw-093a96a5b5a552752",
            "id": "igw-093a96a5b5a552752",
            "owner_id": "992382416133",
            "tags": {
              "Name": "MyInternetGateway"
            },
            "tags_all": {
              "Name": "MyInternetGateway"
            },
            "timeouts": null,
            "vpc_id": "vpc-032b9f8fc4b8cd442"
          },
          "sensitive_attributes": [],
          "private": "eyJlMmJmYjczMC1lY2FhLTExZTYtOGY4OC0zNDM2M2JjN2M0YzAiOnsiY3JlYXRlIjoxMjAwMDAwMDAwMDAwLCJkZWxldGUiOjEyMDAwMDAwMDAwMDAsInVwZGF0ZSI6MTIwMDAwMDAwMDAwMH19",
          "dependencies": [
            "aws_vpc.vpc-1"
          ]
        }
      ]
    },
    {
      "mode": "managed",
      "type": "aws_key_pair",
      "name": "ec2_key_pair",
      "provider": "provider[\"registry.terraform.io/hashicorp/aws\"]",
      "instances": [
        {
          "schema_version": 1,
          "attributes": {
            "arn": "arn:aws:ec2:us-east-1:992382416133:key-pair/ec2-1",
            "fingerprint": "42:5f:2f:c5:12:1b:d6:d7:25:2a:69:43:c5:a4:c1:9c",
            "id": "ec2-1",
            "key_name": "ec2-1",
            "key_name_prefix": "",
            "key_pair_id": "key-03e53ae4aa897fbc1",
            "key_type": "rsa",
            "public_key": "ssh-rsa AAAAB3NzaC1yc2EAAAADAQABAAABAQDXzY5PE8VAWNTDbSAA9rj/z0yr2Qd7chJmjrsuggYKAEt3ZGcZqbhFvrxGi5exMTgdoP1DKL9YMm9Rkf7U2a86cN3Vpfmz5UPaXpaDYwjSZ4cHJvcvftfs/45Ba4ms7tdCicwVrVgISVjrilbkmGERFdZZvRXeLioYz4W26ednix3DNG0alYvdnj7BMpP+XP1yChP/XRE/fHjjAVGELv6BsBd+K6e+HFcYlFqzo7Kw/d4qLsgdpb1qLjdSZnXpS29d//1p4Su9i+LzQvHWts/T+fdMKqy9CVc4e8OKrYVCskMdIOGlhBNRjVh43W2vovSdOMmfLcIFKuvGWkql6g6J",
            "tags": null,
            "tags_all": {}
          },
          "sensitive_attributes": [],
          "private": "eyJzY2hlbWFfdmVyc2lvbiI6IjEifQ==",
          "dependencies": [
            "tls_private_key.key_pair"
          ]
        }
      ]
    },
    {
      "mode": "managed",
      "type": "aws_route",
      "name": "internet_access",
      "provider": "provider[\"registry.terraform.io/hashicorp/aws\"]",
      "instances": [
        {
          "schema_version": 0,
          "attributes": {
            "carrier_gateway_id": "",
            "core_network_arn": "",
            "destination_cidr_block": "0.0.0.0/0",
            "destination_ipv6_cidr_block": "",
            "destination_prefix_list_id": "",
            "egress_only_gateway_id": "",
            "gateway_id": "igw-093a96a5b5a552752",
            "id": "r-rtb-0f7acf72418b214771080289494",
            "instance_id": "",
            "instance_owner_id": "",
            "local_gateway_id": "",
            "nat_gateway_id": "",
            "network_interface_id": "",
            "origin": "CreateRoute",
            "route_table_id": "rtb-0f7acf72418b21477",
            "state": "active",
            "timeouts": null,
            "transit_gateway_id": "",
            "vpc_endpoint_id": "",
            "vpc_peering_connection_id": ""
          },
          "sensitive_attributes": [],
          "private": "eyJlMmJmYjczMC1lY2FhLTExZTYtOGY4OC0zNDM2M2JjN2M0YzAiOnsiY3JlYXRlIjozMDAwMDAwMDAwMDAsImRlbGV0ZSI6MzAwMDAwMDAwMDAwLCJ1cGRhdGUiOjEyMDAwMDAwMDAwMH19",
          "dependencies": [
            "aws_internet_gateway.igw",
            "aws_route_table.route-table-1",
            "aws_vpc.vpc-1"
          ]
        }
      ]
    },
    {
      "mode": "managed",
      "type": "aws_route_table",
      "name": "route-table-1",
      "provider": "provider[\"registry.terraform.io/hashicorp/aws\"]",
      "instances": [
        {
          "schema_version": 0,
          "attributes": {
            "arn": "arn:aws:ec2:us-east-1:992382416133:route-table/rtb-0f7acf72418b21477",
            "id": "rtb-0f7acf72418b21477",
            "owner_id": "992382416133",
            "propagating_vgws": [],
            "route": [],
            "tags": {
              "Name": "PublicRouteTable"
            },
            "tags_all": {
              "Name": "PublicRouteTable"
            },
            "timeouts": null,
            "vpc_id": "vpc-032b9f8fc4b8cd442"
          },
          "sensitive_attributes": [],
          "private": "eyJlMmJmYjczMC1lY2FhLTExZTYtOGY4OC0zNDM2M2JjN2M0YzAiOnsiY3JlYXRlIjozMDAwMDAwMDAwMDAsImRlbGV0ZSI6MzAwMDAwMDAwMDAwLCJ1cGRhdGUiOjEyMDAwMDAwMDAwMH19",
          "dependencies": [
            "aws_vpc.vpc-1"
          ]
        }
      ]
    },
    {
      "mode": "managed",
      "type": "aws_route_table_association",
      "name": "public_subnet_association",
      "provider": "provider[\"registry.terraform.io/hashicorp/aws\"]",
      "instances": [
        {
          "schema_version": 0,
          "attributes": {
            "gateway_id": "",
            "id": "rtbassoc-048f9a4197132920e",
            "route_table_id": "rtb-0f7acf72418b21477",
            "subnet_id": "subnet-0f778b50c15b213a6",
            "timeouts": null
          },
          "sensitive_attributes": [],
          "private": "eyJlMmJmYjczMC1lY2FhLTExZTYtOGY4OC0zNDM2M2JjN2M0YzAiOnsiY3JlYXRlIjozMDAwMDAwMDAwMDAsImRlbGV0ZSI6MzAwMDAwMDAwMDAwLCJ1cGRhdGUiOjEyMDAwMDAwMDAwMH19",
          "dependencies": [
            "aws_route_table.route-table-1",
            "aws_subnet.subnet-1",
            "aws_vpc.vpc-1"
          ]
        }
      ]
    },
    {
      "mode": "managed",
      "type": "aws_s3_bucket",
      "name": "log_bucket",
      "provider": "provider[\"registry.terraform.io/hashicorp/aws\"]",
      "instances": [
        {
          "schema_version": 0,
          "attributes": {
            "acceleration_status": "",
            "acl": null,
            "arn": "arn:aws:s3:::my-log-bucket-task1",
            "bucket": "my-log-bucket-task1",
            "bucket_domain_name": "my-log-bucket-task1.s3.amazonaws.com",
            "bucket_prefix": "",
            "bucket_regional_domain_name": "my-log-bucket-task1.s3.us-east-1.amazonaws.com",
            "cors_rule": [],
            "force_destroy": false,
            "grant": [
              {
                "id": "cb63f554d932469cfd576501157cb2a5bcc5ca56bb50690384992ad047076690",
                "permissions": [
                  "FULL_CONTROL"
                ],
                "type": "CanonicalUser",
                "uri": ""
              }
            ],
            "hosted_zone_id": "Z3AQBSTGFYJSTF",
            "id": "my-log-bucket-task1",
            "lifecycle_rule": [],
            "logging": [
              {
                "target_bucket": "my-log-bucket-task1",
                "target_prefix": "logs/"
              }
            ],
            "object_lock_configuration": [],
            "object_lock_enabled": false,
            "policy": "",
            "region": "us-east-1",
            "replication_configuration": [],
            "request_payer": "BucketOwner",
            "server_side_encryption_configuration": [
              {
                "rule": [
                  {
                    "apply_server_side_encryption_by_default": [
                      {
                        "kms_master_key_id": "",
                        "sse_algorithm": "AES256"
                      }
                    ],
                    "bucket_key_enabled": false
                  }
                ]
              }
            ],
            "tags": {
              "Environment": "Production",
              "Name": "LogBucket"
            },
            "tags_all": {
              "Environment": "Production",
              "Name": "LogBucket"
            },
            "timeouts": null,
            "versioning": [
              {
                "enabled": true,
                "mfa_delete": false
              }
            ],
            "website": [],
            "website_domain": null,
            "website_endpoint": null
          },
          "sensitive_attributes": [],
          "private": "eyJlMmJmYjczMC1lY2FhLTExZTYtOGY4OC0zNDM2M2JjN2M0YzAiOnsiY3JlYXRlIjoxMjAwMDAwMDAwMDAwLCJkZWxldGUiOjM2MDAwMDAwMDAwMDAsInJlYWQiOjEyMDAwMDAwMDAwMDAsInVwZGF0ZSI6MTIwMDAwMDAwMDAwMH19"
        }
      ]
    },
    {
      "mode": "managed",
      "type": "aws_s3_bucket_versioning",
      "name": "log_bucket_versioning",
      "provider": "provider[\"registry.terraform.io/hashicorp/aws\"]",
      "instances": [
        {
          "schema_version": 0,
          "attributes": {
            "bucket": "my-log-bucket-task1",
            "expected_bucket_owner": "",
            "id": "my-log-bucket-task1",
            "mfa": null,
            "versioning_configuration": [
              {
                "mfa_delete": "",
                "status": "Enabled"
              }
            ]
          },
          "sensitive_attributes": [],
          "private": "bnVsbA==",
          "dependencies": [
            "aws_s3_bucket.log_bucket"
          ]
        }
      ]
    },
    {
      "mode": "managed",
      "type": "aws_security_group",
      "name": "public_sg",
      "provider": "provider[\"registry.terraform.io/hashicorp/aws\"]",
      "instances": [
        {
          "schema_version": 1,
          "attributes": {
            "arn": "arn:aws:ec2:us-east-1:992382416133:security-group/sg-08a666afb65641f82",
            "description": "Managed by Terraform",
            "egress": [
              {
                "cidr_blocks": [
                  "0.0.0.0/0"
                ],
                "description": "",
                "from_port": 0,
                "ipv6_cidr_blocks": [],
                "prefix_list_ids": [],
                "protocol": "-1",
                "security_groups": [],
                "self": false,
                "to_port": 0
              }
            ],
            "id": "sg-08a666afb65641f82",
            "ingress": [
              {
                "cidr_blocks": [
                  "0.0.0.0/0"
                ],
                "description": "",
                "from_port": 22,
                "ipv6_cidr_blocks": [],
                "prefix_list_ids": [],
                "protocol": "tcp",
                "security_groups": [],
                "self": false,
                "to_port": 22
              },
              {
                "cidr_blocks": [
                  "0.0.0.0/0"
                ],
                "description": "",
                "from_port": 80,
                "ipv6_cidr_blocks": [],
                "prefix_list_ids": [],
                "protocol": "tcp",
                "security_groups": [],
                "self": false,
                "to_port": 80
              }
            ],
            "name": "public-sg20241128074416059300000002",
            "name_prefix": "public-sg",
            "owner_id": "992382416133",
            "revoke_rules_on_delete": false,
            "tags": null,
            "tags_all": {},
            "timeouts": null,
            "vpc_id": "vpc-032b9f8fc4b8cd442"
          },
          "sensitive_attributes": [],
          "private": "eyJlMmJmYjczMC1lY2FhLTExZTYtOGY4OC0zNDM2M2JjN2M0YzAiOnsiY3JlYXRlIjo2MDAwMDAwMDAwMDAsImRlbGV0ZSI6OTAwMDAwMDAwMDAwfSwic2NoZW1hX3ZlcnNpb24iOiIxIn0=",
          "dependencies": [
            "aws_vpc.vpc-1"
          ]
        }
      ]
    },
    {
      "mode": "managed",
      "type": "aws_subnet",
      "name": "subnet-1",
      "provider": "provider[\"registry.terraform.io/hashicorp/aws\"]",
      "instances": [
        {
          "schema_version": 1,
          "attributes": {
            "arn": "arn:aws:ec2:us-east-1:992382416133:subnet/subnet-0f778b50c15b213a6",
            "assign_ipv6_address_on_creation": false,
            "availability_zone": "us-east-1a",
            "availability_zone_id": "use1-az1",
            "cidr_block": "10.0.1.0/24",
            "customer_owned_ipv4_pool": "",
            "enable_dns64": false,
            "enable_lni_at_device_index": 0,
            "enable_resource_name_dns_a_record_on_launch": false,
            "enable_resource_name_dns_aaaa_record_on_launch": false,
            "id": "subnet-0f778b50c15b213a6",
            "ipv6_cidr_block": "",
            "ipv6_cidr_block_association_id": "",
            "ipv6_native": false,
            "map_customer_owned_ip_on_launch": false,
            "map_public_ip_on_launch": true,
            "outpost_arn": "",
            "owner_id": "992382416133",
            "private_dns_hostname_type_on_launch": "ip-name",
            "tags": {
              "Name": "PublicSubnet"
            },
            "tags_all": {
              "Name": "PublicSubnet"
            },
            "timeouts": null,
            "vpc_id": "vpc-032b9f8fc4b8cd442"
          },
          "sensitive_attributes": [],
          "private": "eyJlMmJmYjczMC1lY2FhLTExZTYtOGY4OC0zNDM2M2JjN2M0YzAiOnsiY3JlYXRlIjo2MDAwMDAwMDAwMDAsImRlbGV0ZSI6MTIwMDAwMDAwMDAwMH0sInNjaGVtYV92ZXJzaW9uIjoiMSJ9",
          "dependencies": [
            "aws_vpc.vpc-1"
          ]
        }
      ]
    },
    {
      "mode": "managed",
      "type": "aws_vpc",
      "name": "vpc-1",
      "provider": "provider[\"registry.terraform.io/hashicorp/aws\"]",
      "instances": [
        {
          "schema_version": 1,
          "attributes": {
            "arn": "arn:aws:ec2:us-east-1:992382416133:vpc/vpc-032b9f8fc4b8cd442",
            "assign_generated_ipv6_cidr_block": false,
            "cidr_block": "10.0.0.0/16",
            "default_network_acl_id": "acl-05b4a9985e7f6c58c",
            "default_route_table_id": "rtb-06411baf5791a132d",
            "default_security_group_id": "sg-00a1a6364b4e20468",
            "dhcp_options_id": "dopt-080479789876a438c",
            "enable_dns_hostnames": true,
            "enable_dns_support": true,
            "enable_network_address_usage_metrics": false,
            "id": "vpc-032b9f8fc4b8cd442",
            "instance_tenancy": "default",
            "ipv4_ipam_pool_id": null,
            "ipv4_netmask_length": null,
            "ipv6_association_id": "",
            "ipv6_cidr_block": "",
            "ipv6_cidr_block_network_border_group": "",
            "ipv6_ipam_pool_id": "",
            "ipv6_netmask_length": 0,
            "main_route_table_id": "rtb-06411baf5791a132d",
            "owner_id": "992382416133",
            "tags": {
              "Name": "vpc-1"
            },
            "tags_all": {
              "Name": "vpc-1"
            }
          },
          "sensitive_attributes": [],
          "private": "eyJzY2hlbWFfdmVyc2lvbiI6IjEifQ=="
        }
      ]
    },
    {
      "mode": "managed",
      "type": "tls_private_key",
      "name": "key_pair",
      "provider": "provider[\"registry.terraform.io/hashicorp/tls\"]",
      "instances": [
        {
          "schema_version": 1,
          "attributes": {
            "algorithm": "RSA",
            "ecdsa_curve": "P224",
            "id": "49fdd4dc7c9436a5789df6e1badf11e62764351c",
            "private_key_openssh": "-----BEGIN OPENSSH PRIVATE KEY-----\nb3BlbnNzaC1rZXktdjEAAAAABG5vbmUAAAAEbm9uZQAAAAAAAAABAAABFwAAAAdz\nc2gtcnNhAAAAAwEAAQAAAQEA182OTxPFQFjUw20gAPa4/89Mq9kHe3ISZo67LoIG\nCgBLd2RnGam4Rb68RouXsTE4HaD9Qyi/WDJvUZH+1NmvOnDd1aX5s+VD2l6Wg2MI\n0meHByb3L37X7P+OQWuJrO7XQonMFa1YCElY64pW5JhhERXWWb0V3i4qGM+Ftunn\nZ4sdwzRtGpWL3Z4+wTKT/lz9cgoT/10RP3x44wFRhC7+gbAXfiunvhxXGJRas6Oy\nsP3eKi7IHaW9ai43UmZ16UtvXf/9aeErvYvi80Lx1rbP0/n3TCqsvQlXOHvDiq2F\nQrJDHSDhpYQTUY1YeN1tr6L0nTjJny3CBSrrxlpKpeoOiQAAA7he1/4dXtf+HQAA\nAAdzc2gtcnNhAAABAQDXzY5PE8VAWNTDbSAA9rj/z0yr2Qd7chJmjrsuggYKAEt3\nZGcZqbhFvrxGi5exMTgdoP1DKL9YMm9Rkf7U2a86cN3Vpfmz5UPaXpaDYwjSZ4cH\nJvcvftfs/45Ba4ms7tdCicwVrVgISVjrilbkmGERFdZZvRXeLioYz4W26ednix3D\nNG0alYvdnj7BMpP+XP1yChP/XRE/fHjjAVGELv6BsBd+K6e+HFcYlFqzo7Kw/d4q\nLsgdpb1qLjdSZnXpS29d//1p4Su9i+LzQvHWts/T+fdMKqy9CVc4e8OKrYVCskMd\nIOGlhBNRjVh43W2vovSdOMmfLcIFKuvGWkql6g6JAAAAAwEAAQAAAQBxQrUZ06qG\n5xhjqPZPCy51M/tthe5jX69AnFCpTByXSyhQdSWXVngcQsrVy5XFratiAYhqowwp\n4e6CxTkVxVouNeZ3pzCytfUyusoMEwIiS6uWmWDKUKxK+qVSuHn9hSz9Aw1VozC8\nyKIenPCV8VOgf/GMD61WeqwlcWUgZwrIUEiIEsy4tue9dUpdYi/O0iuSXzds6bcd\nkNmj7eGjg7noYakZPmwi0c01eDOmJ4kmmZp7tAGpOrY0PjYihUxdpggdWEe9HruQ\nHo4mhXXQQvv3lF5g5PKmeIVrxe9qP6O8Eht6qCl9BjciUK+eIcO6/taGqXd/bqY0\nCV+dBgWP56LBAAAAgCHw99DKjlMkAA5Ljkp0OO5mm/sPmv8/sVAM/d2bZ+4Mt+dW\nIDamP65rpyEgOSzEWFIUT1SDc2Fam0DcOF+tVNkPeyCIix4FlqWzZ5HCVUqv0jjZ\nSlHHW6au5461hNhO8hpxFSkCM0I/RVnit+rtqATsW7N/VNO+kIRLLV5PR0elAAAA\ngQDpP1OzWY025ByD7qTZf/QPjGrENYzzwLYU61YVJdvF/DyaC/2uYRj0W8sy1aWZ\n3am0f/c4NcLZTSVZKASDFcknSdxTEsCY8j4TLoViwLmQgyli+fi+X/AxX/N2VC7R\nf0NYad0p43MrRJI0YsbX1NKtFH2wBR0M7LYBhpMi85Ox9QAAAIEA7Nqa/wjXvhAv\nPGUzdElX6YvfPwa+2Q6ocmaKDzITSsUiYhCft+rqrPY0DgIrl5L5LMBZGpHJO5aO\nbqNn0lqfBvHPfrct9xnS5oFmzdSEYDGF5j2/WKZuHWOB/wh55PJ1JGubzw9S4Kng\nAVo5OY8tJ0BT/L9DTkbQKluaAM0uicUAAAAAAQID\n-----END OPENSSH PRIVATE KEY-----\n",
            "private_key_pem": "-----BEGIN RSA PRIVATE KEY-----\nMIIEogIBAAKCAQEA182OTxPFQFjUw20gAPa4/89Mq9kHe3ISZo67LoIGCgBLd2Rn\nGam4Rb68RouXsTE4HaD9Qyi/WDJvUZH+1NmvOnDd1aX5s+VD2l6Wg2MI0meHByb3\nL37X7P+OQWuJrO7XQonMFa1YCElY64pW5JhhERXWWb0V3i4qGM+FtunnZ4sdwzRt\nGpWL3Z4+wTKT/lz9cgoT/10RP3x44wFRhC7+gbAXfiunvhxXGJRas6OysP3eKi7I\nHaW9ai43UmZ16UtvXf/9aeErvYvi80Lx1rbP0/n3TCqsvQlXOHvDiq2FQrJDHSDh\npYQTUY1YeN1tr6L0nTjJny3CBSrrxlpKpeoOiQIDAQABAoIBAHFCtRnTqobnGGOo\n9k8LLnUz+22F7mNfr0CcUKlMHJdLKFB1JZdWeBxCytXLlcWtq2IBiGqjDCnh7oLF\nORXFWi415nenMLK19TK6ygwTAiJLq5aZYMpQrEr6pVK4ef2FLP0DDVWjMLzIoh6c\n8JXxU6B/8YwPrVZ6rCVxZSBnCshQSIgSzLi25711Sl1iL87SK5JfN2zptx2Q2aPt\n4aODuehhqRk+bCLRzTV4M6YniSaZmnu0Aak6tjQ+NiKFTF2mCB1YR70eu5AejiaF\nddBC+/eUXmDk8qZ4hWvF72o/o7wSG3qoKX0GNyJQr54hw7r+1oapd39upjQJX50G\nBY/nosECgYEA6T9Ts1mNNuQcg+6k2X/0D4xqxDWM88C2FOtWFSXbxfw8mgv9rmEY\n9FvLMtWlmd2ptH/3ODXC2U0lWSgEgxXJJ0ncUxLAmPI+Ey6FYsC5kIMpYvn4vl/w\nMV/zdlQu0X9DWGndKeNzK0SSNGLG19TSrRR9sAUdDOy2AYaTIvOTsfUCgYEA7Nqa\n/wjXvhAvPGUzdElX6YvfPwa+2Q6ocmaKDzITSsUiYhCft+rqrPY0DgIrl5L5LMBZ\nGpHJO5aObqNn0lqfBvHPfrct9xnS5oFmzdSEYDGF5j2/WKZuHWOB/wh55PJ1JGub\nzw9S4KngAVo5OY8tJ0BT/L9DTkbQKluaAM0uicUCgYAtkOyGFhGLTqbvcziLMP75\n5qGY8Sk3GUe48HyhpwK3O96O7ZbCcT+RxTj+FlTCqVYU6Abg2UfWccbBExtGjIP+\ng+Rh6kDr4C8WSjlOoH3f6G+2YUUh09Y1nxwN2sZGsQj0BcJqA4AlTMEPMNjNo0sA\n+wbO00DonHm19Jdb9Z+93QKBgFZPiy/ovwWpzCzMDCYSHBElQWMsSBu89bFKoIDN\nFK6oi9EEkc9psb75sRpxvATuMBMYvN+rxJMMWDcFIO5My6qyL5TTl9J1/J63BQl4\nqgyLv2mZksLxUysuec6//ftqRznQZOTdhqwL+29Cu5u4CxJEpNZztEkwEOd+ne4w\n1wapAoGAIfD30MqOUyQADkuOSnQ47mab+w+a/z+xUAz93Ztn7gy351YgNqY/rmun\nISA5LMRYUhRPVINzYVqbQNw4X61U2Q97IIiLHgWWpbNnkcJVSq/SONlKUcdbpq7n\njrWE2E7yGnEVKQIzQj9FWeK36u2oBOxbs39U076QhEstXk9HR6U=\n-----END RSA PRIVATE KEY-----\n",
            "private_key_pem_pkcs8": "-----BEGIN PRIVATE KEY-----\nMIIEvAIBADANBgkqhkiG9w0BAQEFAASCBKYwggSiAgEAAoIBAQDXzY5PE8VAWNTD\nbSAA9rj/z0yr2Qd7chJmjrsuggYKAEt3ZGcZqbhFvrxGi5exMTgdoP1DKL9YMm9R\nkf7U2a86cN3Vpfmz5UPaXpaDYwjSZ4cHJvcvftfs/45Ba4ms7tdCicwVrVgISVjr\nilbkmGERFdZZvRXeLioYz4W26ednix3DNG0alYvdnj7BMpP+XP1yChP/XRE/fHjj\nAVGELv6BsBd+K6e+HFcYlFqzo7Kw/d4qLsgdpb1qLjdSZnXpS29d//1p4Su9i+Lz\nQvHWts/T+fdMKqy9CVc4e8OKrYVCskMdIOGlhBNRjVh43W2vovSdOMmfLcIFKuvG\nWkql6g6JAgMBAAECggEAcUK1GdOqhucYY6j2TwsudTP7bYXuY1+vQJxQqUwcl0so\nUHUll1Z4HELK1cuVxa2rYgGIaqMMKeHugsU5FcVaLjXmd6cwsrX1MrrKDBMCIkur\nlplgylCsSvqlUrh5/YUs/QMNVaMwvMiiHpzwlfFToH/xjA+tVnqsJXFlIGcKyFBI\niBLMuLbnvXVKXWIvztIrkl83bOm3HZDZo+3ho4O56GGpGT5sItHNNXgzpieJJpma\ne7QBqTq2ND42IoVMXaYIHVhHvR67kB6OJoV10EL795ReYOTypniFa8Xvaj+jvBIb\neqgpfQY3IlCvniHDuv7Whql3f26mNAlfnQYFj+eiwQKBgQDpP1OzWY025ByD7qTZ\nf/QPjGrENYzzwLYU61YVJdvF/DyaC/2uYRj0W8sy1aWZ3am0f/c4NcLZTSVZKASD\nFcknSdxTEsCY8j4TLoViwLmQgyli+fi+X/AxX/N2VC7Rf0NYad0p43MrRJI0YsbX\n1NKtFH2wBR0M7LYBhpMi85Ox9QKBgQDs2pr/CNe+EC88ZTN0SVfpi98/Br7ZDqhy\nZooPMhNKxSJiEJ+36uqs9jQOAiuXkvkswFkakck7lo5uo2fSWp8G8c9+ty33GdLm\ngWbN1IRgMYXmPb9Ypm4dY4H/CHnk8nUka5vPD1LgqeABWjk5jy0nQFP8v0NORtAq\nW5oAzS6JxQKBgC2Q7IYWEYtOpu9zOIsw/vnmoZjxKTcZR7jwfKGnArc73o7tlsJx\nP5HFOP4WVMKpVhToBuDZR9ZxxsETG0aMg/6D5GHqQOvgLxZKOU6gfd/ob7ZhRSHT\n1jWfHA3axkaxCPQFwmoDgCVMwQ8w2M2jSwD7Bs7TQOicebX0l1v1n73dAoGAVk+L\nL+i/BanMLMwMJhIcESVBYyxIG7z1sUqggM0UrqiL0QSRz2mxvvmxGnG8BO4wExi8\n36vEkwxYNwUg7kzLqrIvlNOX0nX8nrcFCXiqDIu/aZmSwvFTKy55zr/9+2pHOdBk\n5N2GrAv7b0K7m7gLEkSk1nO0STAQ536d7jDXBqkCgYAh8PfQyo5TJAAOS45KdDju\nZpv7D5r/P7FQDP3dm2fuDLfnViA2pj+ua6chIDksxFhSFE9Ug3NhWptA3DhfrVTZ\nD3sgiIseBZals2eRwlVKr9I42UpRx1umrueOtYTYTvIacRUpAjNCP0VZ4rfq7agE\n7Fuzf1TTvpCESy1eT0dHpQ==\n-----END PRIVATE KEY-----\n",
            "public_key_fingerprint_md5": "66:1b:0d:1e:ab:a7:56:63:d8:9b:91:9e:52:d0:54:63",
            "public_key_fingerprint_sha256": "SHA256:yQm6T1b6a5Qg7FZhsf9ZZFzDe9wR9Owf+qGzY0H0t6s",
            "public_key_openssh": "ssh-rsa AAAAB3NzaC1yc2EAAAADAQABAAABAQDXzY5PE8VAWNTDbSAA9rj/z0yr2Qd7chJmjrsuggYKAEt3ZGcZqbhFvrxGi5exMTgdoP1DKL9YMm9Rkf7U2a86cN3Vpfmz5UPaXpaDYwjSZ4cHJvcvftfs/45Ba4ms7tdCicwVrVgISVjrilbkmGERFdZZvRXeLioYz4W26ednix3DNG0alYvdnj7BMpP+XP1yChP/XRE/fHjjAVGELv6BsBd+K6e+HFcYlFqzo7Kw/d4qLsgdpb1qLjdSZnXpS29d//1p4Su9i+LzQvHWts/T+fdMKqy9CVc4e8OKrYVCskMdIOGlhBNRjVh43W2vovSdOMmfLcIFKuvGWkql6g6J\n",
            "public_key_pem": "-----BEGIN PUBLIC KEY-----\nMIIBIjANBgkqhkiG9w0BAQEFAAOCAQ8AMIIBCgKCAQEA182OTxPFQFjUw20gAPa4\n/89Mq9kHe3ISZo67LoIGCgBLd2RnGam4Rb68RouXsTE4HaD9Qyi/WDJvUZH+1Nmv\nOnDd1aX5s+VD2l6Wg2MI0meHByb3L37X7P+OQWuJrO7XQonMFa1YCElY64pW5Jhh\nERXWWb0V3i4qGM+FtunnZ4sdwzRtGpWL3Z4+wTKT/lz9cgoT/10RP3x44wFRhC7+\ngbAXfiunvhxXGJRas6OysP3eKi7IHaW9ai43UmZ16UtvXf/9aeErvYvi80Lx1rbP\n0/n3TCqsvQlXOHvDiq2FQrJDHSDhpYQTUY1YeN1tr6L0nTjJny3CBSrrxlpKpeoO\niQIDAQAB\n-----END PUBLIC KEY-----\n",
            "rsa_bits": 2048
          },
          "sensitive_attributes": [
            [
              {
                "type": "get_attr",
                "value": "private_key_pem_pkcs8"
              }
            ],
            [
              {
                "type": "get_attr",
                "value": "private_key_openssh"
              }
            ],
            [
              {
                "type": "get_attr",
                "value": "private_key_pem"
              }
            ]
          ]
        }
      ]
    }
  ],
  "check_results": null
}
